
Microsoft Visual Studio Solution File, Format Version 12.00
# Visual Studio 15
VisualStudioVersion = 15.0.27130.2024
MinimumVisualStudioVersion = 10.0.40219.1
Project("{FAE04EC0-301F-11D3-BF4B-00C04F79EFBC}") = "EmployeeWebserviceREST", "EmployeeWebserviceREST\EmployeeWebserviceREST.csproj", "{6819BF7C-AFAF-41D8-ACB9-3146E7CE19C7}"
EndProject
Global
	GlobalSection(SolutionConfigurationPlatforms) = preSolution
		Debug|Any CPU = Debug|Any CPU
		Release|Any CPU = Release|Any CPU
	EndGlobalSection
	GlobalSection(ProjectConfigurationPlatforms) = postSolution
		{6819BF7C-AFAF-41D8-ACB9-3146E7CE19C7}.Debug|Any CPU.ActiveCfg = Debug|Any CPU
		{6819BF7C-AFAF-41D8-ACB9-3146E7CE19C7}.Debug|Any CPU.Build.0 = Debug|Any CPU
		{6819BF7C-AFAF-41D8-ACB9-3146E7CE19C7}.Release|Any CPU.ActiveCfg = Release|Any CPU
		{6819BF7C-AFAF-41D8-ACB9-3146E7CE19C7}.Release|Any CPU.Build.0 = Release|Any CPU
	EndGlobalSection
	GlobalSection(SolutionProperties) = preSolution
		HideSolutionNode = FALSE
	EndGlobalSection
	GlobalSection(ExtensibilityGlobals) = postSolution
		SolutionGuid = {570D8DB8-13DF-4B5A-8ACF-3263511CD69C}
	EndGlobalSection
EndGlobal
